# This file is automatically @generated by Cargo.
# It is not intended for manual editing.
version = 3

[[package]]
name = "dissimilar"
version = "1.0.4"
source = "registry+https://github.com/rust-lang/crates.io-index"
checksum = "8c97b9233581d84b8e1e689cdd3a47b6f69770084fc246e86a7f78b0d9c1d4a5"

[[package]]
name = "expect-test"
version = "1.4.0"
source = "registry+https://github.com/rust-lang/crates.io-index"
checksum = "1d4661aca38d826eb7c72fe128e4238220616de4c0cc00db7bfc38e2e1364dd3"
dependencies = [
 "dissimilar",
 "once_cell",
]

[[package]]
name = "once_cell"
version = "1.14.0"
source = "registry+https://github.com/rust-lang/crates.io-index"
checksum = "2f7254b99e31cad77da24b08ebf628882739a608578bb1bcdfc1f9c21260d7c0"

[[package]]
name = "tua"
version = "0.0.0"

[[package]]
name = "tua_lexer"
version = "0.0.0"
dependencies = [
 "expect-test",
]
